
Microsoft Visual Studio Solution File, Format Version 12.00
Project("{FAE04EC0-301F-11D3-BF4B-00C04F79EFBC}") = "StoneActionServer.WebApi", "StoneActionServer.WebApi\StoneActionServer.WebApi.csproj", "{348CA569-D423-4D2F-BF3D-F918C377D069}"
EndProject
Project("{FAE04EC0-301F-11D3-BF4B-00C04F79EFBC}") = "StoneActionServer.BusinessLogic", "StoneActionServer.BusinessLogic\StoneActionServer.BusinessLogic.csproj", "{5B750577-0F4F-4D14-B78C-8DCD9B892B18}"
EndProject
Project("{FAE04EC0-301F-11D3-BF4B-00C04F79EFBC}") = "StoneActionServer.DAL", "StoneActionServer.DAL\StoneActionServer.DAL.csproj", "{72BBBC7F-3D18-4A7B-B97B-AFA898D2B7DC}"
EndProject
Global
	GlobalSection(SolutionConfigurationPlatforms) = preSolution
		Debug|Any CPU = Debug|Any CPU
		Release|Any CPU = Release|Any CPU
	EndGlobalSection
	GlobalSection(ProjectConfigurationPlatforms) = postSolution
		{348CA569-D423-4D2F-BF3D-F918C377D069}.Debug|Any CPU.ActiveCfg = Debug|Any CPU
		{348CA569-D423-4D2F-BF3D-F918C377D069}.Debug|Any CPU.Build.0 = Debug|Any CPU
		{348CA569-D423-4D2F-BF3D-F918C377D069}.Release|Any CPU.ActiveCfg = Release|Any CPU
		{348CA569-D423-4D2F-BF3D-F918C377D069}.Release|Any CPU.Build.0 = Release|Any CPU
		{5B750577-0F4F-4D14-B78C-8DCD9B892B18}.Debug|Any CPU.ActiveCfg = Debug|Any CPU
		{5B750577-0F4F-4D14-B78C-8DCD9B892B18}.Debug|Any CPU.Build.0 = Debug|Any CPU
		{5B750577-0F4F-4D14-B78C-8DCD9B892B18}.Release|Any CPU.ActiveCfg = Release|Any CPU
		{5B750577-0F4F-4D14-B78C-8DCD9B892B18}.Release|Any CPU.Build.0 = Release|Any CPU
		{72BBBC7F-3D18-4A7B-B97B-AFA898D2B7DC}.Debug|Any CPU.ActiveCfg = Debug|Any CPU
		{72BBBC7F-3D18-4A7B-B97B-AFA898D2B7DC}.Debug|Any CPU.Build.0 = Debug|Any CPU
		{72BBBC7F-3D18-4A7B-B97B-AFA898D2B7DC}.Release|Any CPU.ActiveCfg = Release|Any CPU
		{72BBBC7F-3D18-4A7B-B97B-AFA898D2B7DC}.Release|Any CPU.Build.0 = Release|Any CPU
	EndGlobalSection
EndGlobal
